// !$*UTF8*$!
{
	archiveVersion = 1;
	classes = {
	};
	objectVersion = 56;
	objects = {

/* Begin PBXBuildFile section */
		0B815C652CDA54820042AB0F /* WheatherAppApp.swift in Sources */ = {isa = PBXBuildFile; fileRef = 0B815C642CDA54820042AB0F /* WheatherAppApp.swift */; };
		0B815C672CDA54820042AB0F /* ContentView.swift in Sources */ = {isa = PBXBuildFile; fileRef = 0B815C662CDA54820042AB0F /* ContentView.swift */; };
		0B815C692CDA54840042AB0F /* Assets.xcassets in Resources */ = {isa = PBXBuildFile; fileRef = 0B815C682CDA54840042AB0F /* Assets.xcassets */; };
		0B815C6C2CDA54840042AB0F /* Preview Assets.xcassets in Resources */ = {isa = PBXBuildFile; fileRef = 0B815C6B2CDA54840042AB0F /* Preview Assets.xcassets */; };
		0B815C762CDA54840042AB0F /* WheatherAppTests.swift in Sources */ = {isa = PBXBuildFile; fileRef = 0B815C752CDA54840042AB0F /* WheatherAppTests.swift */; };
		0B815C802CDA54840042AB0F /* WheatherAppUITests.swift in Sources */ = {isa = PBXBuildFile; fileRef = 0B815C7F2CDA54840042AB0F /* WheatherAppUITests.swift */; };
		0B815C822CDA54840042AB0F /* WheatherAppUITestsLaunchTests.swift in Sources */ = {isa = PBXBuildFile; fileRef = 0B815C812CDA54840042AB0F /* WheatherAppUITestsLaunchTests.swift */; };
		0B815C9D2CDAA1FE0042AB0F /* APIServiceCombine.swift in Sources */ = {isa = PBXBuildFile; fileRef = 0B815C8F2CDAA1FD0042AB0F /* APIServiceCombine.swift */; };
		0B815C9E2CDAA1FE0042AB0F /* Mobile_Weather_AppApp.swift in Sources */ = {isa = PBXBuildFile; fileRef = 0B815C902CDAA1FD0042AB0F /* Mobile_Weather_AppApp.swift */; };
		0B815C9F2CDAA1FE0042AB0F /* ForecastListViewModel.swift in Sources */ = {isa = PBXBuildFile; fileRef = 0B815C912CDAA1FD0042AB0F /* ForecastListViewModel.swift */; };
		0B815CA02CDAA1FE0042AB0F /* Preview Assets.xcassets in Resources */ = {isa = PBXBuildFile; fileRef = 0B815C922CDAA1FE0042AB0F /* Preview Assets.xcassets */; };
		0B815CA12CDAA1FE0042AB0F /* WheatherAppApp.swift in Sources */ = {isa = PBXBuildFile; fileRef = 0B815C952CDAA1FE0042AB0F /* WheatherAppApp.swift */; };
		0B815CA22CDAA1FE0042AB0F /* APIService.swift in Sources */ = {isa = PBXBuildFile; fileRef = 0B815C962CDAA1FE0042AB0F /* APIService.swift */; };
		0B815CA32CDAA1FE0042AB0F /* ForecastViewModel.swift in Sources */ = {isa = PBXBuildFile; fileRef = 0B815C972CDAA1FE0042AB0F /* ForecastViewModel.swift */; };
		0B815CA42CDAA1FE0042AB0F /* UIApplication+Extension.swift in Sources */ = {isa = PBXBuildFile; fileRef = 0B815C982CDAA1FE0042AB0F /* UIApplication+Extension.swift */; };
		0B815CA52CDAA1FE0042AB0F /* Forecast.swift in Sources */ = {isa = PBXBuildFile; fileRef = 0B815C992CDAA1FE0042AB0F /* Forecast.swift */; };
		0B815CA62CDAA1FE0042AB0F /* Info.plist in Resources */ = {isa = PBXBuildFile; fileRef = 0B815C9A2CDAA1FE0042AB0F /* Info.plist */; };
		0B815CA72CDAA1FE0042AB0F /* Assets.xcassets in Resources */ = {isa = PBXBuildFile; fileRef = 0B815C9B2CDAA1FE0042AB0F /* Assets.xcassets */; };
/* End PBXBuildFile section */

/* Begin PBXContainerItemProxy section */
		0B815C722CDA54840042AB0F /* PBXContainerItemProxy */ = {
			isa = PBXContainerItemProxy;
			containerPortal = 0B815C592CDA54820042AB0F /* Project object */;
			proxyType = 1;
			remoteGlobalIDString = 0B815C602CDA54820042AB0F;
			remoteInfo = WheatherApp;
		};
		0B815C7C2CDA54840042AB0F /* PBXContainerItemProxy */ = {
			isa = PBXContainerItemProxy;
			containerPortal = 0B815C592CDA54820042AB0F /* Project object */;
			proxyType = 1;
			remoteGlobalIDString = 0B815C602CDA54820042AB0F;
			remoteInfo = WheatherApp;
		};
/* End PBXContainerItemProxy section */

/* Begin PBXFileReference section */
		0B815C612CDA54820042AB0F /* WheatherApp.app */ = {isa = PBXFileReference; explicitFileType = wrapper.application; includeInIndex = 0; path = WheatherApp.app; sourceTree = BUILT_PRODUCTS_DIR; };
		0B815C642CDA54820042AB0F /* WheatherAppApp.swift */ = {isa = PBXFileReference; lastKnownFileType = sourcecode.swift; path = WheatherAppApp.swift; sourceTree = "<group>"; };
		0B815C662CDA54820042AB0F /* ContentView.swift */ = {isa = PBXFileReference; lastKnownFileType = sourcecode.swift; path = ContentView.swift; sourceTree = "<group>"; };
		0B815C682CDA54840042AB0F /* Assets.xcassets */ = {isa = PBXFileReference; lastKnownFileType = folder.assetcatalog; path = Assets.xcassets; sourceTree = "<group>"; };
		0B815C6B2CDA54840042AB0F /* Preview Assets.xcassets */ = {isa = PBXFileReference; lastKnownFileType = folder.assetcatalog; path = "Preview Assets.xcassets"; sourceTree = "<group>"; };
		0B815C712CDA54840042AB0F /* WheatherAppTests.xctest */ = {isa = PBXFileReference; explicitFileType = wrapper.cfbundle; includeInIndex = 0; path = WheatherAppTests.xctest; sourceTree = BUILT_PRODUCTS_DIR; };
		0B815C752CDA54840042AB0F /* WheatherAppTests.swift */ = {isa = PBXFileReference; lastKnownFileType = sourcecode.swift; path = WheatherAppTests.swift; sourceTree = "<group>"; };
		0B815C7B2CDA54840042AB0F /* WheatherAppUITests.xctest */ = {isa = PBXFileReference; explicitFileType = wrapper.cfbundle; includeInIndex = 0; path = WheatherAppUITests.xctest; sourceTree = BUILT_PRODUCTS_DIR; };
		0B815C7F2CDA54840042AB0F /* WheatherAppUITests.swift */ = {isa = PBXFileReference; lastKnownFileType = sourcecode.swift; path = WheatherAppUITests.swift; sourceTree = "<group>"; };
		0B815C812CDA54840042AB0F /* WheatherAppUITestsLaunchTests.swift */ = {isa = PBXFileReference; lastKnownFileType = sourcecode.swift; path = WheatherAppUITestsLaunchTests.swift; sourceTree = "<group>"; };
		0B815C8F2CDAA1FD0042AB0F /* APIServiceCombine.swift */ = {isa = PBXFileReference; fileEncoding = 4; lastKnownFileType = sourcecode.swift; path = APIServiceCombine.swift; sourceTree = "<group>"; };
		0B815C902CDAA1FD0042AB0F /* Mobile_Weather_AppApp.swift */ = {isa = PBXFileReference; fileEncoding = 4; lastKnownFileType = sourcecode.swift; path = Mobile_Weather_AppApp.swift; sourceTree = "<group>"; };
		0B815C912CDAA1FD0042AB0F /* ForecastListViewModel.swift */ = {isa = PBXFileReference; fileEncoding = 4; lastKnownFileType = sourcecode.swift; path = ForecastListViewModel.swift; sourceTree = "<group>"; };
		0B815C922CDAA1FE0042AB0F /* Preview Assets.xcassets */ = {isa = PBXFileReference; lastKnownFileType = folder.assetcatalog; path = "Preview Assets.xcassets"; sourceTree = "<group>"; };
		0B815C952CDAA1FE0042AB0F /* WheatherAppApp.swift */ = {isa = PBXFileReference; fileEncoding = 4; lastKnownFileType = sourcecode.swift; path = WheatherAppApp.swift; sourceTree = "<group>"; };
		0B815C962CDAA1FE0042AB0F /* APIService.swift */ = {isa = PBXFileReference; fileEncoding = 4; lastKnownFileType = sourcecode.swift; path = APIService.swift; sourceTree = "<group>"; };
		0B815C972CDAA1FE0042AB0F /* ForecastViewModel.swift */ = {isa = PBXFileReference; fileEncoding = 4; lastKnownFileType = sourcecode.swift; path = ForecastViewModel.swift; sourceTree = "<group>"; };
		0B815C982CDAA1FE0042AB0F /* UIApplication+Extension.swift */ = {isa = PBXFileReference; fileEncoding = 4; lastKnownFileType = sourcecode.swift; path = "UIApplication+Extension.swift"; sourceTree = "<group>"; };
		0B815C992CDAA1FE0042AB0F /* Forecast.swift */ = {isa = PBXFileReference; fileEncoding = 4; lastKnownFileType = sourcecode.swift; path = Forecast.swift; sourceTree = "<group>"; };
		0B815C9A2CDAA1FE0042AB0F /* Info.plist */ = {isa = PBXFileReference; fileEncoding = 4; lastKnownFileType = text.plist.xml; path = Info.plist; sourceTree = "<group>"; };
		0B815C9B2CDAA1FE0042AB0F /* Assets.xcassets */ = {isa = PBXFileReference; lastKnownFileType = folder.assetcatalog; path = Assets.xcassets; sourceTree = "<group>"; };
/* End PBXFileReference section */

/* Begin PBXFrameworksBuildPhase section */
		0B815C5E2CDA54820042AB0F /* Frameworks */ = {
			isa = PBXFrameworksBuildPhase;
			buildActionMask = 2147483647;
			files = (
			);
			runOnlyForDeploymentPostprocessing = 0;
		};
		0B815C6E2CDA54840042AB0F /* Frameworks */ = {
			isa = PBXFrameworksBuildPhase;
			buildActionMask = 2147483647;
			files = (
			);
			runOnlyForDeploymentPostprocessing = 0;
		};
		0B815C782CDA54840042AB0F /* Frameworks */ = {
			isa = PBXFrameworksBuildPhase;
			buildActionMask = 2147483647;
			files = (
			);
			runOnlyForDeploymentPostprocessing = 0;
		};
/* End PBXFrameworksBuildPhase section */

/* Begin PBXGroup section */
		0B815C582CDA54820042AB0F = {
			isa = PBXGroup;
			children = (
				0B815C632CDA54820042AB0F /* WheatherApp */,
				0B815C742CDA54840042AB0F /* WheatherAppTests */,
				0B815C7E2CDA54840042AB0F /* WheatherAppUITests */,
				0B815C622CDA54820042AB0F /* Products */,
			);
			sourceTree = "<group>";
		};
		0B815C622CDA54820042AB0F /* Products */ = {
			isa = PBXGroup;
			children = (
				0B815C612CDA54820042AB0F /* WheatherApp.app */,
				0B815C712CDA54840042AB0F /* WheatherAppTests.xctest */,
				0B815C7B2CDA54840042AB0F /* WheatherAppUITests.xctest */,
			);
			name = Products;
			sourceTree = "<group>";
		};
		0B815C632CDA54820042AB0F /* WheatherApp */ = {
			isa = PBXGroup;
			children = (
				0B815C942CDAA1FE0042AB0F /* APIServiceHandler */,
				0B815C9B2CDAA1FE0042AB0F /* Assets.xcassets */,
				0B815C992CDAA1FE0042AB0F /* Forecast.swift */,
				0B815C912CDAA1FD0042AB0F /* ForecastListViewModel.swift */,
				0B815C972CDAA1FE0042AB0F /* ForecastViewModel.swift */,
				0B815C9A2CDAA1FE0042AB0F /* Info.plist */,
				0B815C902CDAA1FD0042AB0F /* Mobile_Weather_AppApp.swift */,
				0B815C932CDAA1FE0042AB0F /* Preview Content */,
				0B815C982CDAA1FE0042AB0F /* UIApplication+Extension.swift */,
				0B815C952CDAA1FE0042AB0F /* WheatherAppApp.swift */,
				0B815C642CDA54820042AB0F /* WheatherAppApp.swift */,
				0B815C662CDA54820042AB0F /* ContentView.swift */,
				0B815C8E2CDA9F530042AB0F /* APIServiceHandler */,
				0B815C682CDA54840042AB0F /* Assets.xcassets */,
				0B815C6A2CDA54840042AB0F /* Preview Content */,
			);
			path = WheatherApp;
			sourceTree = "<group>";
		};
		0B815C6A2CDA54840042AB0F /* Preview Content */ = {
			isa = PBXGroup;
			children = (
				0B815C6B2CDA54840042AB0F /* Preview Assets.xcassets */,
			);
			path = "Preview Content";
			sourceTree = "<group>";
		};
		0B815C742CDA54840042AB0F /* WheatherAppTests */ = {
			isa = PBXGroup;
			children = (
				0B815C752CDA54840042AB0F /* WheatherAppTests.swift */,
			);
			path = WheatherAppTests;
			sourceTree = "<group>";
		};
		0B815C7E2CDA54840042AB0F /* WheatherAppUITests */ = {
			isa = PBXGroup;
			children = (
				0B815C7F2CDA54840042AB0F /* WheatherAppUITests.swift */,
				0B815C812CDA54840042AB0F /* WheatherAppUITestsLaunchTests.swift */,
			);
			path = WheatherAppUITests;
			sourceTree = "<group>";
		};
		0B815C8E2CDA9F530042AB0F /* APIServiceHandler */ = {
			isa = PBXGroup;
			children = (
			);
			path = APIServiceHandler;
			sourceTree = "<group>";
		};
		0B815C932CDAA1FE0042AB0F /* Preview Content */ = {
			isa = PBXGroup;
			children = (
				0B815C922CDAA1FE0042AB0F /* Preview Assets.xcassets */,
			);
			path = "Preview Content";
			sourceTree = "<group>";
		};
		0B815C942CDAA1FE0042AB0F /* APIServiceHandler */ = {
			isa = PBXGroup;
			children = (
				0B815C8F2CDAA1FD0042AB0F /* APIServiceCombine.swift */,
				0B815C962CDAA1FE0042AB0F /* APIService.swift */,
			);
			path = APIServiceHandler;
			sourceTree = "<group>";
		};
/* End PBXGroup section */

/* Begin PBXNativeTarget section */
		0B815C602CDA54820042AB0F /* WheatherApp */ = {
			isa = PBXNativeTarget;
			buildConfigurationList = 0B815C852CDA54840042AB0F /* Build configuration list for PBXNativeTarget "WheatherApp" */;
			buildPhases = (
				0B815C5D2CDA54820042AB0F /* Sources */,
				0B815C5E2CDA54820042AB0F /* Frameworks */,
				0B815C5F2CDA54820042AB0F /* Resources */,
			);
			buildRules = (
			);
			dependencies = (
			);
			name = WheatherApp;
			productName = WheatherApp;
			productReference = 0B815C612CDA54820042AB0F /* WheatherApp.app */;
			productType = "com.apple.product-type.application";
		};
		0B815C702CDA54840042AB0F /* WheatherAppTests */ = {
			isa = PBXNativeTarget;
			buildConfigurationList = 0B815C882CDA54840042AB0F /* Build configuration list for PBXNativeTarget "WheatherAppTests" */;
			buildPhases = (
				0B815C6D2CDA54840042AB0F /* Sources */,
				0B815C6E2CDA54840042AB0F /* Frameworks */,
				0B815C6F2CDA54840042AB0F /* Resources */,
			);
			buildRules = (
			);
			dependencies = (
				0B815C732CDA54840042AB0F /* PBXTargetDependency */,
			);
			name = WheatherAppTests;
			productName = WheatherAppTests;
			productReference = 0B815C712CDA54840042AB0F /* WheatherAppTests.xctest */;
			productType = "com.apple.product-type.bundle.unit-test";
		};
		0B815C7A2CDA54840042AB0F /* WheatherAppUITests */ = {
			isa = PBXNativeTarget;
			buildConfigurationList = 0B815C8B2CDA54840042AB0F /* Build configuration list for PBXNativeTarget "WheatherAppUITests" */;
			buildPhases = (
				0B815C772CDA54840042AB0F /* Sources */,
				0B815C782CDA54840042AB0F /* Frameworks */,
				0B815C792CDA54840042AB0F /* Resources */,
			);
			buildRules = (
			);
			dependencies = (
				0B815C7D2CDA54840042AB0F /* PBXTargetDependency */,
			);
			name = WheatherAppUITests;
			productName = WheatherAppUITests;
			productReference = 0B815C7B2CDA54840042AB0F /* WheatherAppUITests.xctest */;
			productType = "com.apple.product-type.bundle.ui-testing";
		};
/* End PBXNativeTarget section */

/* Begin PBXProject section */
		0B815C592CDA54820042AB0F /* Project object */ = {
			isa = PBXProject;
			attributes = {
				BuildIndependentTargetsInParallel = 1;
				LastSwiftUpdateCheck = 1540;
				LastUpgradeCheck = 1540;
				TargetAttributes = {
					0B815C602CDA54820042AB0F = {
						CreatedOnToolsVersion = 15.4;
					};
					0B815C702CDA54840042AB0F = {
						CreatedOnToolsVersion = 15.4;
						TestTargetID = 0B815C602CDA54820042AB0F;
					};
					0B815C7A2CDA54840042AB0F = {
						CreatedOnToolsVersion = 15.4;
						TestTargetID = 0B815C602CDA54820042AB0F;
					};
				};
			};
			buildConfigurationList = 0B815C5C2CDA54820042AB0F /* Build configuration list for PBXProject "WheatherApp" */;
			compatibilityVersion = "Xcode 14.0";
			developmentRegion = en;
			hasScannedForEncodings = 0;
			knownRegions = (
				en,
				Base,
			);
			mainGroup = 0B815C582CDA54820042AB0F;
			productRefGroup = 0B815C622CDA54820042AB0F /* Products */;
			projectDirPath = "";
			projectRoot = "";
			targets = (
				0B815C602CDA54820042AB0F /* WheatherApp */,
				0B815C702CDA54840042AB0F /* WheatherAppTests */,
				0B815C7A2CDA54840042AB0F /* WheatherAppUITests */,
			);
		};
/* End PBXProject section */

/* Begin PBXResourcesBuildPhase section */
		0B815C5F2CDA54820042AB0F /* Resources */ = {
			isa = PBXResourcesBuildPhase;
			buildActionMask = 2147483647;
			files = (
				0B815CA62CDAA1FE0042AB0F /* Info.plist in Resources */,
				0B815C6C2CDA54840042AB0F /* Preview Assets.xcassets in Resources */,
				0B815CA02CDAA1FE0042AB0F /* Preview Assets.xcassets in Resources */,
				0B815C692CDA54840042AB0F /* Assets.xcassets in Resources */,
				0B815CA72CDAA1FE0042AB0F /* Assets.xcassets in Resources */,
			);
			runOnlyForDeploymentPostprocessing = 0;
		};
		0B815C6F2CDA54840042AB0F /* Resources */ = {
			isa = PBXResourcesBuildPhase;
			buildActionMask = 2147483647;
			files = (
			);
			runOnlyForDeploymentPostprocessing = 0;
		};
		0B815C792CDA54840042AB0F /* Resources */ = {
			isa = PBXResourcesBuildPhase;
			buildActionMask = 2147483647;
			files = (
			);
			runOnlyForDeploymentPostprocessing = 0;
		};
/* End PBXResourcesBuildPhase section */

/* Begin PBXSourcesBuildPhase section */
		0B815C5D2CDA54820042AB0F /* Sources */ = {
			isa = PBXSourcesBuildPhase;
			buildActionMask = 2147483647;
			files = (
				0B815C672CDA54820042AB0F /* ContentView.swift in Sources */,
				0B815CA22CDAA1FE0042AB0F /* APIService.swift in Sources */,
				0B815C9D2CDAA1FE0042AB0F /* APIServiceCombine.swift in Sources */,
				0B815C9E2CDAA1FE0042AB0F /* Mobile_Weather_AppApp.swift in Sources */,
				0B815CA52CDAA1FE0042AB0F /* Forecast.swift in Sources */,
				0B815CA42CDAA1FE0042AB0F /* UIApplication+Extension.swift in Sources */,
				0B815CA12CDAA1FE0042AB0F /* WheatherAppApp.swift in Sources */,
				0B815CA32CDAA1FE0042AB0F /* ForecastViewModel.swift in Sources */,
				0B815C652CDA54820042AB0F /* WheatherAppApp.swift in Sources */,
				0B815C9F2CDAA1FE0042AB0F /* ForecastListViewModel.swift in Sources */,
			);
			runOnlyForDeploymentPostprocessing = 0;
		};
		0B815C6D2CDA54840042AB0F /* Sources */ = {
			isa = PBXSourcesBuildPhase;
			buildActionMask = 2147483647;
			files = (
				0B815C762CDA54840042AB0F /* WheatherAppTests.swift in Sources */,
			);
			runOnlyForDeploymentPostprocessing = 0;
		};
		0B815C772CDA54840042AB0F /* Sources */ = {
			isa = PBXSourcesBuildPhase;
			buildActionMask = 2147483647;
			files = (
				0B815C822CDA54840042AB0F /* WheatherAppUITestsLaunchTests.swift in Sources */,
				0B815C802CDA54840042AB0F /* WheatherAppUITests.swift in Sources */,
			);
			runOnlyForDeploymentPostprocessing = 0;
		};
/* End PBXSourcesBuildPhase section */

/* Begin PBXTargetDependency section */
		0B815C732CDA54840042AB0F /* PBXTargetDependency */ = {
			isa = PBXTargetDependency;
			target = 0B815C602CDA54820042AB0F /* WheatherApp */;
			targetProxy = 0B815C722CDA54840042AB0F /* PBXContainerItemProxy */;
		};
		0B815C7D2CDA54840042AB0F /* PBXTargetDependency */ = {
			isa = PBXTargetDependency;
			target = 0B815C602CDA54820042AB0F /* WheatherApp */;
			targetProxy = 0B815C7C2CDA54840042AB0F /* PBXContainerItemProxy */;
		};
/* End PBXTargetDependency section */

/* Begin XCBuildConfiguration section */
		0B815C832CDA54840042AB0F /* Debug */ = {
			isa = XCBuildConfiguration;
			buildSettings = {
				ALWAYS_SEARCH_USER_PATHS = NO;
				ASSETCATALOG_COMPILER_GENERATE_SWIFT_ASSET_SYMBOL_EXTENSIONS = YES;
				CLANG_ANALYZER_NONNULL = YES;
				CLANG_ANALYZER_NUMBER_OBJECT_CONVERSION = YES_AGGRESSIVE;
				CLANG_CXX_LANGUAGE_STANDARD = "gnu++20";
				CLANG_ENABLE_MODULES = YES;
				CLANG_ENABLE_OBJC_ARC = YES;
				CLANG_ENABLE_OBJC_WEAK = YES;
				CLANG_WARN_BLOCK_CAPTURE_AUTORELEASING = YES;
				CLANG_WARN_BOOL_CONVERSION = YES;
				CLANG_WARN_COMMA = YES;
				CLANG_WARN_CONSTANT_CONVERSION = YES;
				CLANG_WARN_DEPRECATED_OBJC_IMPLEMENTATIONS = YES;
				CLANG_WARN_DIRECT_OBJC_ISA_USAGE = YES_ERROR;
				CLANG_WARN_DOCUMENTATION_COMMENTS = YES;
				CLANG_WARN_EMPTY_BODY = YES;
				CLANG_WARN_ENUM_CONVERSION = YES;
				CLANG_WARN_INFINITE_RECURSION = YES;
				CLANG_WARN_INT_CONVERSION = YES;
				CLANG_WARN_NON_LITERAL_NULL_CONVERSION = YES;
				CLANG_WARN_OBJC_IMPLICIT_RETAIN_SELF = YES;
				CLANG_WARN_OBJC_LITERAL_CONVERSION = YES;
				CLANG_WARN_OBJC_ROOT_CLASS = YES_ERROR;
				CLANG_WARN_QUOTED_INCLUDE_IN_FRAMEWORK_HEADER = YES;
				CLANG_WARN_RANGE_LOOP_ANALYSIS = YES;
				CLANG_WARN_STRICT_PROTOTYPES = YES;
				CLANG_WARN_SUSPICIOUS_MOVE = YES;
				CLANG_WARN_UNGUARDED_AVAILABILITY = YES_AGGRESSIVE;
				CLANG_WARN_UNREACHABLE_CODE = YES;
				CLANG_WARN__DUPLICATE_METHOD_MATCH = YES;
				COPY_PHASE_STRIP = NO;
				DEBUG_INFORMATION_FORMAT = dwarf;
				ENABLE_STRICT_OBJC_MSGSEND = YES;
				ENABLE_TESTABILITY = YES;
				ENABLE_USER_SCRIPT_SANDBOXING = YES;
				GCC_C_LANGUAGE_STANDARD = gnu17;
				GCC_DYNAMIC_NO_PIC = NO;
				GCC_NO_COMMON_BLOCKS = YES;
				GCC_OPTIMIZATION_LEVEL = 0;
				GCC_PREPROCESSOR_DEFINITIONS = (
					"DEBUG=1",
					"$(inherited)",
				);
				GCC_WARN_64_TO_32_BIT_CONVERSION = YES;
				GCC_WARN_ABOUT_RETURN_TYPE = YES_ERROR;
				GCC_WARN_UNDECLARED_SELECTOR = YES;
				GCC_WARN_UNINITIALIZED_AUTOS = YES_AGGRESSIVE;
				GCC_WARN_UNUSED_FUNCTION = YES;
				GCC_WARN_UNUSED_VARIABLE = YES;
				IPHONEOS_DEPLOYMENT_TARGET = 17.5;
				LOCALIZATION_PREFERS_STRING_CATALOGS = YES;
				MTL_ENABLE_DEBUG_INFO = INCLUDE_SOURCE;
				MTL_FAST_MATH = YES;
				ONLY_ACTIVE_ARCH = YES;
				SDKROOT = iphoneos;
				SWIFT_ACTIVE_COMPILATION_CONDITIONS = "DEBUG $(inherited)";
				SWIFT_OPTIMIZATION_LEVEL = "-Onone";
			};
			name = Debug;
		};
		0B815C842CDA54840042AB0F /* Release */ = {
			isa = XCBuildConfiguration;
			buildSettings = {
				ALWAYS_SEARCH_USER_PATHS = NO;
				ASSETCATALOG_COMPILER_GENERATE_SWIFT_ASSET_SYMBOL_EXTENSIONS = YES;
				CLANG_ANALYZER_NONNULL = YES;
				CLANG_ANALYZER_NUMBER_OBJECT_CONVERSION = YES_AGGRESSIVE;
				CLANG_CXX_LANGUAGE_STANDARD = "gnu++20";
				CLANG_ENABLE_MODULES = YES;
				CLANG_ENABLE_OBJC_ARC = YES;
				CLANG_ENABLE_OBJC_WEAK = YES;
				CLANG_WARN_BLOCK_CAPTURE_AUTORELEASING = YES;
				CLANG_WARN_BOOL_CONVERSION = YES;
				CLANG_WARN_COMMA = YES;
				CLANG_WARN_CONSTANT_CONVERSION = YES;
				CLANG_WARN_DEPRECATED_OBJC_IMPLEMENTATIONS = YES;
				CLANG_WARN_DIRECT_OBJC_ISA_USAGE = YES_ERROR;
				CLANG_WARN_DOCUMENTATION_COMMENTS = YES;
				CLANG_WARN_EMPTY_BODY = YES;
				CLANG_WARN_ENUM_CONVERSION = YES;
				CLANG_WARN_INFINITE_RECURSION = YES;
				CLANG_WARN_INT_CONVERSION = YES;
				CLANG_WARN_NON_LITERAL_NULL_CONVERSION = YES;
				CLANG_WARN_OBJC_IMPLICIT_RETAIN_SELF = YES;
				CLANG_WARN_OBJC_LITERAL_CONVERSION = YES;
				CLANG_WARN_OBJC_ROOT_CLASS = YES_ERROR;
				CLANG_WARN_QUOTED_INCLUDE_IN_FRAMEWORK_HEADER = YES;
				CLANG_WARN_RANGE_LOOP_ANALYSIS = YES;
				CLANG_WARN_STRICT_PROTOTYPES = YES;
				CLANG_WARN_SUSPICIOUS_MOVE = YES;
				CLANG_WARN_UNGUARDED_AVAILABILITY = YES_AGGRESSIVE;
				CLANG_WARN_UNREACHABLE_CODE = YES;
				CLANG_WARN__DUPLICATE_METHOD_MATCH = YES;
				COPY_PHASE_STRIP = NO;
				DEBUG_INFORMATION_FORMAT = "dwarf-with-dsym";
				ENABLE_NS_ASSERTIONS = NO;
				ENABLE_STRICT_OBJC_MSGSEND = YES;
				ENABLE_USER_SCRIPT_SANDBOXING = YES;
				GCC_C_LANGUAGE_STANDARD = gnu17;
				GCC_NO_COMMON_BLOCKS = YES;
				GCC_WARN_64_TO_32_BIT_CONVERSION = YES;
				GCC_WARN_ABOUT_RETURN_TYPE = YES_ERROR;
				GCC_WARN_UNDECLARED_SELECTOR = YES;
				GCC_WARN_UNINITIALIZED_AUTOS = YES_AGGRESSIVE;
				GCC_WARN_UNUSED_FUNCTION = YES;
				GCC_WARN_UNUSED_VARIABLE = YES;
				IPHONEOS_DEPLOYMENT_TARGET = 17.5;
				LOCALIZATION_PREFERS_STRING_CATALOGS = YES;
				MTL_ENABLE_DEBUG_INFO = NO;
				MTL_FAST_MATH = YES;
				SDKROOT = iphoneos;
				SWIFT_COMPILATION_MODE = wholemodule;
				VALIDATE_PRODUCT = YES;
			};
			name = Release;
		};
		0B815C862CDA54840042AB0F /* Debug */ = {
			isa = XCBuildConfiguration;
			buildSettings = {
				ASSETCATALOG_COMPILER_APPICON_NAME = AppIcon;
				ASSETCATALOG_COMPILER_GLOBAL_ACCENT_COLOR_NAME = AccentColor;
				CODE_SIGN_STYLE = Automatic;
				CURRENT_PROJECT_VERSION = 1;
				DEVELOPMENT_ASSET_PATHS = "\"WheatherApp/Preview Content\"";
				ENABLE_PREVIEWS = YES;
				GENERATE_INFOPLIST_FILE = YES;
				INFOPLIST_KEY_UIApplicationSceneManifest_Generation = YES;
				INFOPLIST_KEY_UIApplicationSupportsIndirectInputEvents = YES;
				INFOPLIST_KEY_UILaunchScreen_Generation = YES;
				INFOPLIST_KEY_UISupportedInterfaceOrientations_iPad = "UIInterfaceOrientationPortrait UIInterfaceOrientationPortraitUpsideDown UIInterfaceOrientationLandscapeLeft UIInterfaceOrientationLandscapeRight";
				INFOPLIST_KEY_UISupportedInterfaceOrientations_iPhone = "UIInterfaceOrientationPortrait UIInterfaceOrientationLandscapeLeft UIInterfaceOrientationLandscapeRight";
				LD_RUNPATH_SEARCH_PATHS = (
					"$(inherited)",
					"@executable_path/Frameworks",
				);
				MARKETING_VERSION = 1.0;
				PRODUCT_BUNDLE_IDENTIFIER = com.random.WheatherApp;
				PRODUCT_NAME = "$(TARGET_NAME)";
				SWIFT_EMIT_LOC_STRINGS = YES;
				SWIFT_VERSION = 5.0;
				TARGETED_DEVICE_FAMILY = "1,2";
			};
			name = Debug;
		};
		0B815C872CDA54840042AB0F /* Release */ = {
			isa = XCBuildConfiguration;
			buildSettings = {
				ASSETCATALOG_COMPILER_APPICON_NAME = AppIcon;
				ASSETCATALOG_COMPILER_GLOBAL_ACCENT_COLOR_NAME = AccentColor;
				CODE_SIGN_STYLE = Automatic;
				CURRENT_PROJECT_VERSION = 1;
				DEVELOPMENT_ASSET_PATHS = "\"WheatherApp/Preview Content\"";
				ENABLE_PREVIEWS = YES;
				GENERATE_INFOPLIST_FILE = YES;
				INFOPLIST_KEY_UIApplicationSceneManifest_Generation = YES;
				INFOPLIST_KEY_UIApplicationSupportsIndirectInputEvents = YES;
				INFOPLIST_KEY_UILaunchScreen_Generation = YES;
				INFOPLIST_KEY_UISupportedInterfaceOrientations_iPad = "UIInterfaceOrientationPortrait UIInterfaceOrientationPortraitUpsideDown UIInterfaceOrientationLandscapeLeft UIInterfaceOrientationLandscapeRight";
				INFOPLIST_KEY_UISupportedInterfaceOrientations_iPhone = "UIInterfaceOrientationPortrait UIInterfaceOrientationLandscapeLeft UIInterfaceOrientationLandscapeRight";
				LD_RUNPATH_SEARCH_PATHS = (
					"$(inherited)",
					"@executable_path/Frameworks",
				);
				MARKETING_VERSION = 1.0;
				PRODUCT_BUNDLE_IDENTIFIER = com.random.WheatherApp;
				PRODUCT_NAME = "$(TARGET_NAME)";
				SWIFT_EMIT_LOC_STRINGS = YES;
				SWIFT_VERSION = 5.0;
				TARGETED_DEVICE_FAMILY = "1,2";
			};
			name = Release;
		};
		0B815C892CDA54840042AB0F /* Debug */ = {
			isa = XCBuildConfiguration;
			buildSettings = {
				ALWAYS_EMBED_SWIFT_STANDARD_LIBRARIES = YES;
				BUNDLE_LOADER = "$(TEST_HOST)";
				CODE_SIGN_STYLE = Automatic;
				CURRENT_PROJECT_VERSION = 1;
				GENERATE_INFOPLIST_FILE = YES;
				IPHONEOS_DEPLOYMENT_TARGET = 17.5;
				MARKETING_VERSION = 1.0;
				PRODUCT_BUNDLE_IDENTIFIER = com.random.WheatherAppTests;
				PRODUCT_NAME = "$(TARGET_NAME)";
				SWIFT_EMIT_LOC_STRINGS = NO;
				SWIFT_VERSION = 5.0;
				TARGETED_DEVICE_FAMILY = "1,2";
				TEST_HOST = "$(BUILT_PRODUCTS_DIR)/WheatherApp.app/$(BUNDLE_EXECUTABLE_FOLDER_PATH)/WheatherApp";
			};
			name = Debug;
		};
		0B815C8A2CDA54840042AB0F /* Release */ = {
			isa = XCBuildConfiguration;
			buildSettings = {
				ALWAYS_EMBED_SWIFT_STANDARD_LIBRARIES = YES;
				BUNDLE_LOADER = "$(TEST_HOST)";
				CODE_SIGN_STYLE = Automatic;
				CURRENT_PROJECT_VERSION = 1;
				GENERATE_INFOPLIST_FILE = YES;
				IPHONEOS_DEPLOYMENT_TARGET = 17.5;
				MARKETING_VERSION = 1.0;
				PRODUCT_BUNDLE_IDENTIFIER = com.random.WheatherAppTests;
				PRODUCT_NAME = "$(TARGET_NAME)";
				SWIFT_EMIT_LOC_STRINGS = NO;
				SWIFT_VERSION = 5.0;
				TARGETED_DEVICE_FAMILY = "1,2";
				TEST_HOST = "$(BUILT_PRODUCTS_DIR)/WheatherApp.app/$(BUNDLE_EXECUTABLE_FOLDER_PATH)/WheatherApp";
			};
			name = Release;
		};
		0B815C8C2CDA54840042AB0F /* Debug */ = {
			isa = XCBuildConfiguration;
			buildSettings = {
				ALWAYS_EMBED_SWIFT_STANDARD_LIBRARIES = YES;
				CODE_SIGN_STYLE = Automatic;
				CURRENT_PROJECT_VERSION = 1;
				GENERATE_INFOPLIST_FILE = YES;
				MARKETING_VERSION = 1.0;
				PRODUCT_BUNDLE_IDENTIFIER = com.random.WheatherAppUITests;
				PRODUCT_NAME = "$(TARGET_NAME)";
				SWIFT_EMIT_LOC_STRINGS = NO;
				SWIFT_VERSION = 5.0;
				TARGETED_DEVICE_FAMILY = "1,2";
				TEST_TARGET_NAME = WheatherApp;
			};
			name = Debug;
		};
		0B815C8D2CDA54840042AB0F /* Release */ = {
			isa = XCBuildConfiguration;
			buildSettings = {
				ALWAYS_EMBED_SWIFT_STANDARD_LIBRARIES = YES;
				CODE_SIGN_STYLE = Automatic;
				CURRENT_PROJECT_VERSION = 1;
				GENERATE_INFOPLIST_FILE = YES;
				MARKETING_VERSION = 1.0;
				PRODUCT_BUNDLE_IDENTIFIER = com.random.WheatherAppUITests;
				PRODUCT_NAME = "$(TARGET_NAME)";
				SWIFT_EMIT_LOC_STRINGS = NO;
				SWIFT_VERSION = 5.0;
				TARGETED_DEVICE_FAMILY = "1,2";
				TEST_TARGET_NAME = WheatherApp;
			};
			name = Release;
		};
/* End XCBuildConfiguration section */

/* Begin XCConfigurationList section */
		0B815C5C2CDA54820042AB0F /* Build configuration list for PBXProject "WheatherApp" */ = {
			isa = XCConfigurationList;
			buildConfigurations = (
				0B815C832CDA54840042AB0F /* Debug */,
				0B815C842CDA54840042AB0F /* Release */,
			);
			defaultConfigurationIsVisible = 0;
			defaultConfigurationName = Release;
		};
		0B815C852CDA54840042AB0F /* Build configuration list for PBXNativeTarget "WheatherApp" */ = {
			isa = XCConfigurationList;
			buildConfigurations = (
				0B815C862CDA54840042AB0F /* Debug */,
				0B815C872CDA54840042AB0F /* Release */,
			);
			defaultConfigurationIsVisible = 0;
			defaultConfigurationName = Release;
		};
		0B815C882CDA54840042AB0F /* Build configuration list for PBXNativeTarget "WheatherAppTests" */ = {
			isa = XCConfigurationList;
			buildConfigurations = (
				0B815C892CDA54840042AB0F /* Debug */,
				0B815C8A2CDA54840042AB0F /* Release */,
			);
			defaultConfigurationIsVisible = 0;
			defaultConfigurationName = Release;
		};
		0B815C8B2CDA54840042AB0F /* Build configuration list for PBXNativeTarget "WheatherAppUITests" */ = {
			isa = XCConfigurationList;
			buildConfigurations = (
				0B815C8C2CDA54840042AB0F /* Debug */,
				0B815C8D2CDA54840042AB0F /* Release */,
			);
			defaultConfigurationIsVisible = 0;
			defaultConfigurationName = Release;
		};
/* End XCConfigurationList section */
	};
	rootObject = 0B815C592CDA54820042AB0F /* Project object */;
}
